
Microsoft Visual Studio Solution File, Format Version 12.00
# Visual Studio Version 17
VisualStudioVersion = 17.2.32516.85
MinimumVisualStudioVersion = 10.0.40219.1
Project("{FAE04EC0-301F-11D3-BF4B-00C04F79EFBC}") = "BasicDotNetCoreCrudApp", "BasicDotNetCoreCrudApp\BasicDotNetCoreCrudApp.csproj", "{ED6DB397-0426-4298-A483-BE689C54A554}"
EndProject
Global
	GlobalSection(SolutionConfigurationPlatforms) = preSolution
		Debug|Any CPU = Debug|Any CPU
		Release|Any CPU = Release|Any CPU
	EndGlobalSection
	GlobalSection(ProjectConfigurationPlatforms) = postSolution
		{ED6DB397-0426-4298-A483-BE689C54A554}.Debug|Any CPU.ActiveCfg = Debug|Any CPU
		{ED6DB397-0426-4298-A483-BE689C54A554}.Debug|Any CPU.Build.0 = Debug|Any CPU
		{ED6DB397-0426-4298-A483-BE689C54A554}.Release|Any CPU.ActiveCfg = Release|Any CPU
		{ED6DB397-0426-4298-A483-BE689C54A554}.Release|Any CPU.Build.0 = Release|Any CPU
	EndGlobalSection
	GlobalSection(SolutionProperties) = preSolution
		HideSolutionNode = FALSE
	EndGlobalSection
	GlobalSection(ExtensibilityGlobals) = postSolution
		SolutionGuid = {46B50BD9-D076-404E-96EB-F312534DB50D}
	EndGlobalSection
EndGlobal
